
Microsoft Visual Studio Solution File, Format Version 12.00
# Visual Studio Version 17
VisualStudioVersion = 17.0.31903.59
MinimumVisualStudioVersion = 10.0.40219.1
Project("{2150E333-8FDC-42A3-9474-1A3956D46DE8}") = "Shared", "Shared", "{4F52FD11-658E-A102-6CD3-7D7C16FFA15B}"
EndProject
Project("{FAE04EC0-301F-11D3-BF4B-00C04F79EFBC}") = "SharedKernel", "src\Shared\SharedKernel\SharedKernel.csproj", "{7A6967D2-3343-40FC-9459-2BF8BCACEA09}"
EndProject
Project("{FAE04EC0-301F-11D3-BF4B-00C04F79EFBC}") = "BuildingBlocks", "src\Shared\BuildingBlocks\BuildingBlocks.csproj", "{11B85E83-4F06-4B7E-90C6-B9B8D962D77E}"
EndProject
Project("{2150E333-8FDC-42A3-9474-1A3956D46DE8}") = "Services", "Services", "{5854FF58-B8C5-05C6-5BF2-ACE42193F22B}"
EndProject
Project("{2150E333-8FDC-42A3-9474-1A3956D46DE8}") = "IdentityAccess", "IdentityAccess", "{1EF5EC8D-B2BD-B510-B59C-9B5FF215D579}"
EndProject
Project("{FAE04EC0-301F-11D3-BF4B-00C04F79EFBC}") = "IdentityAccess.Api", "src\Services\IdentityAccess\IdentityAccess.Api\IdentityAccess.Api.csproj", "{E9B38270-36AC-4E97-BF05-82C4E93C5102}"
EndProject
Project("{FAE04EC0-301F-11D3-BF4B-00C04F79EFBC}") = "IdentityAccess.Application", "src\Services\IdentityAccess\IdentityAccess.Application\IdentityAccess.Application.csproj", "{84D89B0A-6B2E-4954-B99E-1687243C28CF}"
EndProject
Project("{FAE04EC0-301F-11D3-BF4B-00C04F79EFBC}") = "IdentityAccess.Domain", "src\Services\IdentityAccess\IdentityAccess.Domain\IdentityAccess.Domain.csproj", "{A68DFA2F-BE4D-4055-BDD8-272B6CE6555C}"
EndProject
Project("{FAE04EC0-301F-11D3-BF4B-00C04F79EFBC}") = "IdentityAccess.Infrastructure", "src\Services\IdentityAccess\IdentityAccess.Infrastructure\IdentityAccess.Infrastructure.csproj", "{DDC3BE77-ED4F-4CB6-A5D7-E4ACE11C7F0C}"
EndProject
Project("{2150E333-8FDC-42A3-9474-1A3956D46DE8}") = "Tests", "Tests", "{0AB3BF05-4346-4AA6-1389-037BE0695223}"
EndProject
Project("{FAE04EC0-301F-11D3-BF4B-00C04F79EFBC}") = "IdentityAccess.UnitTests", "tests\IdentityAccess.UnitTests\IdentityAccess.UnitTests.csproj", "{DE085260-7F8D-46FB-BE68-BC61B0AF4C62}"
EndProject
Project("{FAE04EC0-301F-11D3-BF4B-00C04F79EFBC}") = "IdentityAccess.IntegrationTests", "tests\IdentityAccess.IntegrationTests\IdentityAccess.IntegrationTests.csproj", "{9B8199F0-E060-4EF3-9196-1258C8F7E7BB}"
EndProject
Project("{2150E333-8FDC-42A3-9474-1A3956D46DE8}") = "AssetRegistry", "AssetRegistry", "{D56337E9-4C48-F2E8-61F2-6D023AC5E367}"
EndProject
Project("{FAE04EC0-301F-11D3-BF4B-00C04F79EFBC}") = "AssetRegistry.Api", "src\Services\AssetRegistry\AssetRegistry.Api\AssetRegistry.Api.csproj", "{EF6C7754-2A21-491F-BFC1-2FBDCEF6F1F1}"
EndProject
Project("{FAE04EC0-301F-11D3-BF4B-00C04F79EFBC}") = "AssetRegistry.Application", "src\Services\AssetRegistry\AssetRegistry.Application\AssetRegistry.Application.csproj", "{1C59E102-BEAE-4BFB-AF39-C11552A16FCD}"
EndProject
Project("{FAE04EC0-301F-11D3-BF4B-00C04F79EFBC}") = "AssetRegistry.Domain", "src\Services\AssetRegistry\AssetRegistry.Domain\AssetRegistry.Domain.csproj", "{464F877D-41D4-4823-8A47-05487E7F4039}"
EndProject
Project("{FAE04EC0-301F-11D3-BF4B-00C04F79EFBC}") = "AssetRegistry.Infrastructure", "src\Services\AssetRegistry\AssetRegistry.Infrastructure\AssetRegistry.Infrastructure.csproj", "{8AB83DDA-7BEB-4C30-91D4-465B832607DD}"
EndProject
Project("{FAE04EC0-301F-11D3-BF4B-00C04F79EFBC}") = "AssetRegistry.UnitTests", "tests\AssetRegistry.UnitTests\AssetRegistry.UnitTests.csproj", "{2B6F0978-F234-4A3C-979C-21EB412C1294}"
EndProject
Project("{FAE04EC0-301F-11D3-BF4B-00C04F79EFBC}") = "AssetRegistry.IntegrationTests", "tests\AssetRegistry.IntegrationTests\AssetRegistry.IntegrationTests.csproj", "{1357DDB0-25B1-4B3B-AC54-9F4015975B21}"
EndProject
Project("{2150E333-8FDC-42A3-9474-1A3956D46DE8}") = "MaintenanceScheduler", "MaintenanceScheduler", "{4AE1AE56-6DB4-2ABD-5FFD-B28371DBD95A}"
EndProject
Project("{FAE04EC0-301F-11D3-BF4B-00C04F79EFBC}") = "MaintenanceScheduler.Api", "src\Services\MaintenanceScheduler\MaintenanceScheduler.Api\MaintenanceScheduler.Api.csproj", "{F778F012-21F2-4ECF-AD8A-2E919F074E7E}"
EndProject
Project("{FAE04EC0-301F-11D3-BF4B-00C04F79EFBC}") = "MaintenanceScheduler.Application", "src\Services\MaintenanceScheduler\MaintenanceScheduler.Application\MaintenanceScheduler.Application.csproj", "{E3226704-2623-40C7-BFDA-EFC1DD7F25FE}"
EndProject
Project("{FAE04EC0-301F-11D3-BF4B-00C04F79EFBC}") = "MaintenanceScheduler.Domain", "src\Services\MaintenanceScheduler\MaintenanceScheduler.Domain\MaintenanceScheduler.Domain.csproj", "{7153C901-D7E2-4503-BF7E-1E6F951BC848}"
EndProject
Project("{FAE04EC0-301F-11D3-BF4B-00C04F79EFBC}") = "MaintenanceScheduler.Infrastructure", "src\Services\MaintenanceScheduler\MaintenanceScheduler.Infrastructure\MaintenanceScheduler.Infrastructure.csproj", "{FE632316-D68B-4789-B0A1-02483B1CE840}"
EndProject
Project("{FAE04EC0-301F-11D3-BF4B-00C04F79EFBC}") = "MaintenanceScheduler.UnitTests", "tests\MaintenanceScheduler.UnitTests\MaintenanceScheduler.UnitTests.csproj", "{285743ED-7FAC-41E1-949D-3582DB175177}"
EndProject
Project("{FAE04EC0-301F-11D3-BF4B-00C04F79EFBC}") = "MaintenanceScheduler.IntegrationTests", "tests\MaintenanceScheduler.IntegrationTests\MaintenanceScheduler.IntegrationTests.csproj", "{8DAAC138-BE8C-4E2A-BDDC-1D0CB8C56A61}"
EndProject
Project("{2150E333-8FDC-42A3-9474-1A3956D46DE8}") = "Notification", "Notification", "{06470F13-D646-4954-ED4A-FA216054436A}"
EndProject
Project("{FAE04EC0-301F-11D3-BF4B-00C04F79EFBC}") = "Notification.Api", "src\Services\Notification\Notification.Api\Notification.Api.csproj", "{DC58617C-C231-48CA-A124-92D1F98C9E94}"
EndProject
Project("{FAE04EC0-301F-11D3-BF4B-00C04F79EFBC}") = "Notification.Application", "src\Services\Notification\Notification.Application\Notification.Application.csproj", "{3CCDC0C4-29ED-48ED-859E-379C4AB1DBF5}"
EndProject
Project("{FAE04EC0-301F-11D3-BF4B-00C04F79EFBC}") = "Notification.Domain", "src\Services\Notification\Notification.Domain\Notification.Domain.csproj", "{E59D0953-9BFD-4E46-A7B9-02BAC492C5EA}"
EndProject
Project("{FAE04EC0-301F-11D3-BF4B-00C04F79EFBC}") = "Notification.Infrastructure", "src\Services\Notification\Notification.Infrastructure\Notification.Infrastructure.csproj", "{04F72B5F-E9AF-4210-A20B-B932B2F491DA}"
EndProject
Project("{FAE04EC0-301F-11D3-BF4B-00C04F79EFBC}") = "Notification.UnitTests", "tests\Notification.UnitTests\Notification.UnitTests.csproj", "{6508EEF1-BCA9-480C-B630-76410D71DADC}"
EndProject
Project("{FAE04EC0-301F-11D3-BF4B-00C04F79EFBC}") = "Notification.IntegrationTests", "tests\Notification.IntegrationTests\Notification.IntegrationTests.csproj", "{A2F2FC57-B580-43EA-85E9-9B755E1BEA95}"
EndProject
Project("{2150E333-8FDC-42A3-9474-1A3956D46DE8}") = "AuditCompliance", "AuditCompliance", "{72F1A1D0-F987-1A70-AF89-6132E4CD9DCD}"
EndProject
Project("{FAE04EC0-301F-11D3-BF4B-00C04F79EFBC}") = "AuditCompliance.Api", "src\Services\AuditCompliance\AuditCompliance.Api\AuditCompliance.Api.csproj", "{DABA5C9B-B603-4A7D-85FC-372E8DCDC81B}"
EndProject
Project("{FAE04EC0-301F-11D3-BF4B-00C04F79EFBC}") = "AuditCompliance.Application", "src\Services\AuditCompliance\AuditCompliance.Application\AuditCompliance.Application.csproj", "{79464BD8-5E20-4EE9-9653-83098160214F}"
EndProject
Project("{FAE04EC0-301F-11D3-BF4B-00C04F79EFBC}") = "AuditCompliance.Domain", "src\Services\AuditCompliance\AuditCompliance.Domain\AuditCompliance.Domain.csproj", "{D9D15365-50B3-4A97-901B-A6C0EDEA48C1}"
EndProject
Project("{FAE04EC0-301F-11D3-BF4B-00C04F79EFBC}") = "AuditCompliance.Infrastructure", "src\Services\AuditCompliance\AuditCompliance.Infrastructure\AuditCompliance.Infrastructure.csproj", "{495F1804-8898-4B88-839D-D5702D981FCB}"
EndProject
Project("{FAE04EC0-301F-11D3-BF4B-00C04F79EFBC}") = "AuditCompliance.UnitTests", "tests\AuditCompliance.UnitTests\AuditCompliance.UnitTests.csproj", "{F5BE0510-F7C2-4671-9351-0BAC1BBC3814}"
EndProject
Project("{FAE04EC0-301F-11D3-BF4B-00C04F79EFBC}") = "AuditCompliance.IntegrationTests", "tests\AuditCompliance.IntegrationTests\AuditCompliance.IntegrationTests.csproj", "{E5637C04-421A-4F7D-9CC8-1F4FBBD3A2AC}"
EndProject
Global
	GlobalSection(SolutionConfigurationPlatforms) = preSolution
		Debug|Any CPU = Debug|Any CPU
		Debug|x64 = Debug|x64
		Debug|x86 = Debug|x86
		Release|Any CPU = Release|Any CPU
		Release|x64 = Release|x64
		Release|x86 = Release|x86
	EndGlobalSection
	GlobalSection(ProjectConfigurationPlatforms) = postSolution
		{7A6967D2-3343-40FC-9459-2BF8BCACEA09}.Debug|Any CPU.ActiveCfg = Debug|Any CPU
		{7A6967D2-3343-40FC-9459-2BF8BCACEA09}.Debug|Any CPU.Build.0 = Debug|Any CPU
		{7A6967D2-3343-40FC-9459-2BF8BCACEA09}.Debug|x64.ActiveCfg = Debug|Any CPU
		{7A6967D2-3343-40FC-9459-2BF8BCACEA09}.Debug|x64.Build.0 = Debug|Any CPU
		{7A6967D2-3343-40FC-9459-2BF8BCACEA09}.Debug|x86.ActiveCfg = Debug|Any CPU
		{7A6967D2-3343-40FC-9459-2BF8BCACEA09}.Debug|x86.Build.0 = Debug|Any CPU
		{7A6967D2-3343-40FC-9459-2BF8BCACEA09}.Release|Any CPU.ActiveCfg = Release|Any CPU
		{7A6967D2-3343-40FC-9459-2BF8BCACEA09}.Release|Any CPU.Build.0 = Release|Any CPU
		{7A6967D2-3343-40FC-9459-2BF8BCACEA09}.Release|x64.ActiveCfg = Release|Any CPU
		{7A6967D2-3343-40FC-9459-2BF8BCACEA09}.Release|x64.Build.0 = Release|Any CPU
		{7A6967D2-3343-40FC-9459-2BF8BCACEA09}.Release|x86.ActiveCfg = Release|Any CPU
		{7A6967D2-3343-40FC-9459-2BF8BCACEA09}.Release|x86.Build.0 = Release|Any CPU
		{11B85E83-4F06-4B7E-90C6-B9B8D962D77E}.Debug|Any CPU.ActiveCfg = Debug|Any CPU
		{11B85E83-4F06-4B7E-90C6-B9B8D962D77E}.Debug|Any CPU.Build.0 = Debug|Any CPU
		{11B85E83-4F06-4B7E-90C6-B9B8D962D77E}.Debug|x64.ActiveCfg = Debug|Any CPU
		{11B85E83-4F06-4B7E-90C6-B9B8D962D77E}.Debug|x64.Build.0 = Debug|Any CPU
		{11B85E83-4F06-4B7E-90C6-B9B8D962D77E}.Debug|x86.ActiveCfg = Debug|Any CPU
		{11B85E83-4F06-4B7E-90C6-B9B8D962D77E}.Debug|x86.Build.0 = Debug|Any CPU
		{11B85E83-4F06-4B7E-90C6-B9B8D962D77E}.Release|Any CPU.ActiveCfg = Release|Any CPU
		{11B85E83-4F06-4B7E-90C6-B9B8D962D77E}.Release|Any CPU.Build.0 = Release|Any CPU
		{11B85E83-4F06-4B7E-90C6-B9B8D962D77E}.Release|x64.ActiveCfg = Release|Any CPU
		{11B85E83-4F06-4B7E-90C6-B9B8D962D77E}.Release|x64.Build.0 = Release|Any CPU
		{11B85E83-4F06-4B7E-90C6-B9B8D962D77E}.Release|x86.ActiveCfg = Release|Any CPU
		{11B85E83-4F06-4B7E-90C6-B9B8D962D77E}.Release|x86.Build.0 = Release|Any CPU
		{E9B38270-36AC-4E97-BF05-82C4E93C5102}.Debug|Any CPU.ActiveCfg = Debug|Any CPU
		{E9B38270-36AC-4E97-BF05-82C4E93C5102}.Debug|Any CPU.Build.0 = Debug|Any CPU
		{E9B38270-36AC-4E97-BF05-82C4E93C5102}.Debug|x64.ActiveCfg = Debug|Any CPU
		{E9B38270-36AC-4E97-BF05-82C4E93C5102}.Debug|x64.Build.0 = Debug|Any CPU
		{E9B38270-36AC-4E97-BF05-82C4E93C5102}.Debug|x86.ActiveCfg = Debug|Any CPU
		{E9B38270-36AC-4E97-BF05-82C4E93C5102}.Debug|x86.Build.0 = Debug|Any CPU
		{E9B38270-36AC-4E97-BF05-82C4E93C5102}.Release|Any CPU.ActiveCfg = Release|Any CPU
		{E9B38270-36AC-4E97-BF05-82C4E93C5102}.Release|Any CPU.Build.0 = Release|Any CPU
		{E9B38270-36AC-4E97-BF05-82C4E93C5102}.Release|x64.ActiveCfg = Release|Any CPU
		{E9B38270-36AC-4E97-BF05-82C4E93C5102}.Release|x64.Build.0 = Release|Any CPU
		{E9B38270-36AC-4E97-BF05-82C4E93C5102}.Release|x86.ActiveCfg = Release|Any CPU
		{E9B38270-36AC-4E97-BF05-82C4E93C5102}.Release|x86.Build.0 = Release|Any CPU
		{84D89B0A-6B2E-4954-B99E-1687243C28CF}.Debug|Any CPU.ActiveCfg = Debug|Any CPU
		{84D89B0A-6B2E-4954-B99E-1687243C28CF}.Debug|Any CPU.Build.0 = Debug|Any CPU
		{84D89B0A-6B2E-4954-B99E-1687243C28CF}.Debug|x64.ActiveCfg = Debug|Any CPU
		{84D89B0A-6B2E-4954-B99E-1687243C28CF}.Debug|x64.Build.0 = Debug|Any CPU
		{84D89B0A-6B2E-4954-B99E-1687243C28CF}.Debug|x86.ActiveCfg = Debug|Any CPU
		{84D89B0A-6B2E-4954-B99E-1687243C28CF}.Debug|x86.Build.0 = Debug|Any CPU
		{84D89B0A-6B2E-4954-B99E-1687243C28CF}.Release|Any CPU.ActiveCfg = Release|Any CPU
		{84D89B0A-6B2E-4954-B99E-1687243C28CF}.Release|Any CPU.Build.0 = Release|Any CPU
		{84D89B0A-6B2E-4954-B99E-1687243C28CF}.Release|x64.ActiveCfg = Release|Any CPU
		{84D89B0A-6B2E-4954-B99E-1687243C28CF}.Release|x64.Build.0 = Release|Any CPU
		{84D89B0A-6B2E-4954-B99E-1687243C28CF}.Release|x86.ActiveCfg = Release|Any CPU
		{84D89B0A-6B2E-4954-B99E-1687243C28CF}.Release|x86.Build.0 = Release|Any CPU
		{A68DFA2F-BE4D-4055-BDD8-272B6CE6555C}.Debug|Any CPU.ActiveCfg = Debug|Any CPU
		{A68DFA2F-BE4D-4055-BDD8-272B6CE6555C}.Debug|Any CPU.Build.0 = Debug|Any CPU
		{A68DFA2F-BE4D-4055-BDD8-272B6CE6555C}.Debug|x64.ActiveCfg = Debug|Any CPU
		{A68DFA2F-BE4D-4055-BDD8-272B6CE6555C}.Debug|x64.Build.0 = Debug|Any CPU
		{A68DFA2F-BE4D-4055-BDD8-272B6CE6555C}.Debug|x86.ActiveCfg = Debug|Any CPU
		{A68DFA2F-BE4D-4055-BDD8-272B6CE6555C}.Debug|x86.Build.0 = Debug|Any CPU
		{A68DFA2F-BE4D-4055-BDD8-272B6CE6555C}.Release|Any CPU.ActiveCfg = Release|Any CPU
		{A68DFA2F-BE4D-4055-BDD8-272B6CE6555C}.Release|Any CPU.Build.0 = Release|Any CPU
		{A68DFA2F-BE4D-4055-BDD8-272B6CE6555C}.Release|x64.ActiveCfg = Release|Any CPU
		{A68DFA2F-BE4D-4055-BDD8-272B6CE6555C}.Release|x64.Build.0 = Release|Any CPU
		{A68DFA2F-BE4D-4055-BDD8-272B6CE6555C}.Release|x86.ActiveCfg = Release|Any CPU
		{A68DFA2F-BE4D-4055-BDD8-272B6CE6555C}.Release|x86.Build.0 = Release|Any CPU
		{DDC3BE77-ED4F-4CB6-A5D7-E4ACE11C7F0C}.Debug|Any CPU.ActiveCfg = Debug|Any CPU
		{DDC3BE77-ED4F-4CB6-A5D7-E4ACE11C7F0C}.Debug|Any CPU.Build.0 = Debug|Any CPU
		{DDC3BE77-ED4F-4CB6-A5D7-E4ACE11C7F0C}.Debug|x64.ActiveCfg = Debug|Any CPU
		{DDC3BE77-ED4F-4CB6-A5D7-E4ACE11C7F0C}.Debug|x64.Build.0 = Debug|Any CPU
		{DDC3BE77-ED4F-4CB6-A5D7-E4ACE11C7F0C}.Debug|x86.ActiveCfg = Debug|Any CPU
		{DDC3BE77-ED4F-4CB6-A5D7-E4ACE11C7F0C}.Debug|x86.Build.0 = Debug|Any CPU
		{DDC3BE77-ED4F-4CB6-A5D7-E4ACE11C7F0C}.Release|Any CPU.ActiveCfg = Release|Any CPU
		{DDC3BE77-ED4F-4CB6-A5D7-E4ACE11C7F0C}.Release|Any CPU.Build.0 = Release|Any CPU
		{DDC3BE77-ED4F-4CB6-A5D7-E4ACE11C7F0C}.Release|x64.ActiveCfg = Release|Any CPU
		{DDC3BE77-ED4F-4CB6-A5D7-E4ACE11C7F0C}.Release|x64.Build.0 = Release|Any CPU
		{DDC3BE77-ED4F-4CB6-A5D7-E4ACE11C7F0C}.Release|x86.ActiveCfg = Release|Any CPU
		{DDC3BE77-ED4F-4CB6-A5D7-E4ACE11C7F0C}.Release|x86.Build.0 = Release|Any CPU
		{DE085260-7F8D-46FB-BE68-BC61B0AF4C62}.Debug|Any CPU.ActiveCfg = Debug|Any CPU
		{DE085260-7F8D-46FB-BE68-BC61B0AF4C62}.Debug|Any CPU.Build.0 = Debug|Any CPU
		{DE085260-7F8D-46FB-BE68-BC61B0AF4C62}.Debug|x64.ActiveCfg = Debug|Any CPU
		{DE085260-7F8D-46FB-BE68-BC61B0AF4C62}.Debug|x64.Build.0 = Debug|Any CPU
		{DE085260-7F8D-46FB-BE68-BC61B0AF4C62}.Debug|x86.ActiveCfg = Debug|Any CPU
		{DE085260-7F8D-46FB-BE68-BC61B0AF4C62}.Debug|x86.Build.0 = Debug|Any CPU
		{DE085260-7F8D-46FB-BE68-BC61B0AF4C62}.Release|Any CPU.ActiveCfg = Release|Any CPU
		{DE085260-7F8D-46FB-BE68-BC61B0AF4C62}.Release|Any CPU.Build.0 = Release|Any CPU
		{DE085260-7F8D-46FB-BE68-BC61B0AF4C62}.Release|x64.ActiveCfg = Release|Any CPU
		{DE085260-7F8D-46FB-BE68-BC61B0AF4C62}.Release|x64.Build.0 = Release|Any CPU
		{DE085260-7F8D-46FB-BE68-BC61B0AF4C62}.Release|x86.ActiveCfg = Release|Any CPU
		{DE085260-7F8D-46FB-BE68-BC61B0AF4C62}.Release|x86.Build.0 = Release|Any CPU
		{9B8199F0-E060-4EF3-9196-1258C8F7E7BB}.Debug|Any CPU.ActiveCfg = Debug|Any CPU
		{9B8199F0-E060-4EF3-9196-1258C8F7E7BB}.Debug|Any CPU.Build.0 = Debug|Any CPU
		{9B8199F0-E060-4EF3-9196-1258C8F7E7BB}.Debug|x64.ActiveCfg = Debug|Any CPU
		{9B8199F0-E060-4EF3-9196-1258C8F7E7BB}.Debug|x64.Build.0 = Debug|Any CPU
		{9B8199F0-E060-4EF3-9196-1258C8F7E7BB}.Debug|x86.ActiveCfg = Debug|Any CPU
		{9B8199F0-E060-4EF3-9196-1258C8F7E7BB}.Debug|x86.Build.0 = Debug|Any CPU
		{9B8199F0-E060-4EF3-9196-1258C8F7E7BB}.Release|Any CPU.ActiveCfg = Release|Any CPU
		{9B8199F0-E060-4EF3-9196-1258C8F7E7BB}.Release|Any CPU.Build.0 = Release|Any CPU
		{9B8199F0-E060-4EF3-9196-1258C8F7E7BB}.Release|x64.ActiveCfg = Release|Any CPU
		{9B8199F0-E060-4EF3-9196-1258C8F7E7BB}.Release|x64.Build.0 = Release|Any CPU
		{9B8199F0-E060-4EF3-9196-1258C8F7E7BB}.Release|x86.ActiveCfg = Release|Any CPU
		{9B8199F0-E060-4EF3-9196-1258C8F7E7BB}.Release|x86.Build.0 = Release|Any CPU
		{EF6C7754-2A21-491F-BFC1-2FBDCEF6F1F1}.Debug|Any CPU.ActiveCfg = Debug|Any CPU
		{EF6C7754-2A21-491F-BFC1-2FBDCEF6F1F1}.Debug|Any CPU.Build.0 = Debug|Any CPU
		{EF6C7754-2A21-491F-BFC1-2FBDCEF6F1F1}.Debug|x64.ActiveCfg = Debug|Any CPU
		{EF6C7754-2A21-491F-BFC1-2FBDCEF6F1F1}.Debug|x64.Build.0 = Debug|Any CPU
		{EF6C7754-2A21-491F-BFC1-2FBDCEF6F1F1}.Debug|x86.ActiveCfg = Debug|Any CPU
		{EF6C7754-2A21-491F-BFC1-2FBDCEF6F1F1}.Debug|x86.Build.0 = Debug|Any CPU
		{EF6C7754-2A21-491F-BFC1-2FBDCEF6F1F1}.Release|Any CPU.ActiveCfg = Release|Any CPU
		{EF6C7754-2A21-491F-BFC1-2FBDCEF6F1F1}.Release|Any CPU.Build.0 = Release|Any CPU
		{EF6C7754-2A21-491F-BFC1-2FBDCEF6F1F1}.Release|x64.ActiveCfg = Release|Any CPU
		{EF6C7754-2A21-491F-BFC1-2FBDCEF6F1F1}.Release|x64.Build.0 = Release|Any CPU
		{EF6C7754-2A21-491F-BFC1-2FBDCEF6F1F1}.Release|x86.ActiveCfg = Release|Any CPU
		{EF6C7754-2A21-491F-BFC1-2FBDCEF6F1F1}.Release|x86.Build.0 = Release|Any CPU
		{1C59E102-BEAE-4BFB-AF39-C11552A16FCD}.Debug|Any CPU.ActiveCfg = Debug|Any CPU
		{1C59E102-BEAE-4BFB-AF39-C11552A16FCD}.Debug|Any CPU.Build.0 = Debug|Any CPU
		{1C59E102-BEAE-4BFB-AF39-C11552A16FCD}.Debug|x64.ActiveCfg = Debug|Any CPU
		{1C59E102-BEAE-4BFB-AF39-C11552A16FCD}.Debug|x64.Build.0 = Debug|Any CPU
		{1C59E102-BEAE-4BFB-AF39-C11552A16FCD}.Debug|x86.ActiveCfg = Debug|Any CPU
		{1C59E102-BEAE-4BFB-AF39-C11552A16FCD}.Debug|x86.Build.0 = Debug|Any CPU
		{1C59E102-BEAE-4BFB-AF39-C11552A16FCD}.Release|Any CPU.ActiveCfg = Release|Any CPU
		{1C59E102-BEAE-4BFB-AF39-C11552A16FCD}.Release|Any CPU.Build.0 = Release|Any CPU
		{1C59E102-BEAE-4BFB-AF39-C11552A16FCD}.Release|x64.ActiveCfg = Release|Any CPU
		{1C59E102-BEAE-4BFB-AF39-C11552A16FCD}.Release|x64.Build.0 = Release|Any CPU
		{1C59E102-BEAE-4BFB-AF39-C11552A16FCD}.Release|x86.ActiveCfg = Release|Any CPU
		{1C59E102-BEAE-4BFB-AF39-C11552A16FCD}.Release|x86.Build.0 = Release|Any CPU
		{464F877D-41D4-4823-8A47-05487E7F4039}.Debug|Any CPU.ActiveCfg = Debug|Any CPU
		{464F877D-41D4-4823-8A47-05487E7F4039}.Debug|Any CPU.Build.0 = Debug|Any CPU
		{464F877D-41D4-4823-8A47-05487E7F4039}.Debug|x64.ActiveCfg = Debug|Any CPU
		{464F877D-41D4-4823-8A47-05487E7F4039}.Debug|x64.Build.0 = Debug|Any CPU
		{464F877D-41D4-4823-8A47-05487E7F4039}.Debug|x86.ActiveCfg = Debug|Any CPU
		{464F877D-41D4-4823-8A47-05487E7F4039}.Debug|x86.Build.0 = Debug|Any CPU
		{464F877D-41D4-4823-8A47-05487E7F4039}.Release|Any CPU.ActiveCfg = Release|Any CPU
		{464F877D-41D4-4823-8A47-05487E7F4039}.Release|Any CPU.Build.0 = Release|Any CPU
		{464F877D-41D4-4823-8A47-05487E7F4039}.Release|x64.ActiveCfg = Release|Any CPU
		{464F877D-41D4-4823-8A47-05487E7F4039}.Release|x64.Build.0 = Release|Any CPU
		{464F877D-41D4-4823-8A47-05487E7F4039}.Release|x86.ActiveCfg = Release|Any CPU
		{464F877D-41D4-4823-8A47-05487E7F4039}.Release|x86.Build.0 = Release|Any CPU
		{8AB83DDA-7BEB-4C30-91D4-465B832607DD}.Debug|Any CPU.ActiveCfg = Debug|Any CPU
		{8AB83DDA-7BEB-4C30-91D4-465B832607DD}.Debug|Any CPU.Build.0 = Debug|Any CPU
		{8AB83DDA-7BEB-4C30-91D4-465B832607DD}.Debug|x64.ActiveCfg = Debug|Any CPU
		{8AB83DDA-7BEB-4C30-91D4-465B832607DD}.Debug|x64.Build.0 = Debug|Any CPU
		{8AB83DDA-7BEB-4C30-91D4-465B832607DD}.Debug|x86.ActiveCfg = Debug|Any CPU
		{8AB83DDA-7BEB-4C30-91D4-465B832607DD}.Debug|x86.Build.0 = Debug|Any CPU
		{8AB83DDA-7BEB-4C30-91D4-465B832607DD}.Release|Any CPU.ActiveCfg = Release|Any CPU
		{8AB83DDA-7BEB-4C30-91D4-465B832607DD}.Release|Any CPU.Build.0 = Release|Any CPU
		{8AB83DDA-7BEB-4C30-91D4-465B832607DD}.Release|x64.ActiveCfg = Release|Any CPU
		{8AB83DDA-7BEB-4C30-91D4-465B832607DD}.Release|x64.Build.0 = Release|Any CPU
		{8AB83DDA-7BEB-4C30-91D4-465B832607DD}.Release|x86.ActiveCfg = Release|Any CPU
		{8AB83DDA-7BEB-4C30-91D4-465B832607DD}.Release|x86.Build.0 = Release|Any CPU
		{2B6F0978-F234-4A3C-979C-21EB412C1294}.Debug|Any CPU.ActiveCfg = Debug|Any CPU
		{2B6F0978-F234-4A3C-979C-21EB412C1294}.Debug|Any CPU.Build.0 = Debug|Any CPU
		{2B6F0978-F234-4A3C-979C-21EB412C1294}.Debug|x64.ActiveCfg = Debug|Any CPU
		{2B6F0978-F234-4A3C-979C-21EB412C1294}.Debug|x64.Build.0 = Debug|Any CPU
		{2B6F0978-F234-4A3C-979C-21EB412C1294}.Debug|x86.ActiveCfg = Debug|Any CPU
		{2B6F0978-F234-4A3C-979C-21EB412C1294}.Debug|x86.Build.0 = Debug|Any CPU
		{2B6F0978-F234-4A3C-979C-21EB412C1294}.Release|Any CPU.ActiveCfg = Release|Any CPU
		{2B6F0978-F234-4A3C-979C-21EB412C1294}.Release|Any CPU.Build.0 = Release|Any CPU
		{2B6F0978-F234-4A3C-979C-21EB412C1294}.Release|x64.ActiveCfg = Release|Any CPU
		{2B6F0978-F234-4A3C-979C-21EB412C1294}.Release|x64.Build.0 = Release|Any CPU
		{2B6F0978-F234-4A3C-979C-21EB412C1294}.Release|x86.ActiveCfg = Release|Any CPU
		{2B6F0978-F234-4A3C-979C-21EB412C1294}.Release|x86.Build.0 = Release|Any CPU
		{1357DDB0-25B1-4B3B-AC54-9F4015975B21}.Debug|Any CPU.ActiveCfg = Debug|Any CPU
		{1357DDB0-25B1-4B3B-AC54-9F4015975B21}.Debug|Any CPU.Build.0 = Debug|Any CPU
		{1357DDB0-25B1-4B3B-AC54-9F4015975B21}.Debug|x64.ActiveCfg = Debug|Any CPU
		{1357DDB0-25B1-4B3B-AC54-9F4015975B21}.Debug|x64.Build.0 = Debug|Any CPU
		{1357DDB0-25B1-4B3B-AC54-9F4015975B21}.Debug|x86.ActiveCfg = Debug|Any CPU
		{1357DDB0-25B1-4B3B-AC54-9F4015975B21}.Debug|x86.Build.0 = Debug|Any CPU
		{1357DDB0-25B1-4B3B-AC54-9F4015975B21}.Release|Any CPU.ActiveCfg = Release|Any CPU
		{1357DDB0-25B1-4B3B-AC54-9F4015975B21}.Release|Any CPU.Build.0 = Release|Any CPU
		{1357DDB0-25B1-4B3B-AC54-9F4015975B21}.Release|x64.ActiveCfg = Release|Any CPU
		{1357DDB0-25B1-4B3B-AC54-9F4015975B21}.Release|x64.Build.0 = Release|Any CPU
		{1357DDB0-25B1-4B3B-AC54-9F4015975B21}.Release|x86.ActiveCfg = Release|Any CPU
		{1357DDB0-25B1-4B3B-AC54-9F4015975B21}.Release|x86.Build.0 = Release|Any CPU
		{F778F012-21F2-4ECF-AD8A-2E919F074E7E}.Debug|Any CPU.ActiveCfg = Debug|Any CPU
		{F778F012-21F2-4ECF-AD8A-2E919F074E7E}.Debug|Any CPU.Build.0 = Debug|Any CPU
		{F778F012-21F2-4ECF-AD8A-2E919F074E7E}.Debug|x64.ActiveCfg = Debug|Any CPU
		{F778F012-21F2-4ECF-AD8A-2E919F074E7E}.Debug|x64.Build.0 = Debug|Any CPU
		{F778F012-21F2-4ECF-AD8A-2E919F074E7E}.Debug|x86.ActiveCfg = Debug|Any CPU
		{F778F012-21F2-4ECF-AD8A-2E919F074E7E}.Debug|x86.Build.0 = Debug|Any CPU
		{F778F012-21F2-4ECF-AD8A-2E919F074E7E}.Release|Any CPU.ActiveCfg = Release|Any CPU
		{F778F012-21F2-4ECF-AD8A-2E919F074E7E}.Release|Any CPU.Build.0 = Release|Any CPU
		{F778F012-21F2-4ECF-AD8A-2E919F074E7E}.Release|x64.ActiveCfg = Release|Any CPU
		{F778F012-21F2-4ECF-AD8A-2E919F074E7E}.Release|x64.Build.0 = Release|Any CPU
		{F778F012-21F2-4ECF-AD8A-2E919F074E7E}.Release|x86.ActiveCfg = Release|Any CPU
		{F778F012-21F2-4ECF-AD8A-2E919F074E7E}.Release|x86.Build.0 = Release|Any CPU
		{E3226704-2623-40C7-BFDA-EFC1DD7F25FE}.Debug|Any CPU.ActiveCfg = Debug|Any CPU
		{E3226704-2623-40C7-BFDA-EFC1DD7F25FE}.Debug|Any CPU.Build.0 = Debug|Any CPU
		{E3226704-2623-40C7-BFDA-EFC1DD7F25FE}.Debug|x64.ActiveCfg = Debug|Any CPU
		{E3226704-2623-40C7-BFDA-EFC1DD7F25FE}.Debug|x64.Build.0 = Debug|Any CPU
		{E3226704-2623-40C7-BFDA-EFC1DD7F25FE}.Debug|x86.ActiveCfg = Debug|Any CPU
		{E3226704-2623-40C7-BFDA-EFC1DD7F25FE}.Debug|x86.Build.0 = Debug|Any CPU
		{E3226704-2623-40C7-BFDA-EFC1DD7F25FE}.Release|Any CPU.ActiveCfg = Release|Any CPU
		{E3226704-2623-40C7-BFDA-EFC1DD7F25FE}.Release|Any CPU.Build.0 = Release|Any CPU
		{E3226704-2623-40C7-BFDA-EFC1DD7F25FE}.Release|x64.ActiveCfg = Release|Any CPU
		{E3226704-2623-40C7-BFDA-EFC1DD7F25FE}.Release|x64.Build.0 = Release|Any CPU
		{E3226704-2623-40C7-BFDA-EFC1DD7F25FE}.Release|x86.ActiveCfg = Release|Any CPU
		{E3226704-2623-40C7-BFDA-EFC1DD7F25FE}.Release|x86.Build.0 = Release|Any CPU
		{7153C901-D7E2-4503-BF7E-1E6F951BC848}.Debug|Any CPU.ActiveCfg = Debug|Any CPU
		{7153C901-D7E2-4503-BF7E-1E6F951BC848}.Debug|Any CPU.Build.0 = Debug|Any CPU
		{7153C901-D7E2-4503-BF7E-1E6F951BC848}.Debug|x64.ActiveCfg = Debug|Any CPU
		{7153C901-D7E2-4503-BF7E-1E6F951BC848}.Debug|x64.Build.0 = Debug|Any CPU
		{7153C901-D7E2-4503-BF7E-1E6F951BC848}.Debug|x86.ActiveCfg = Debug|Any CPU
		{7153C901-D7E2-4503-BF7E-1E6F951BC848}.Debug|x86.Build.0 = Debug|Any CPU
		{7153C901-D7E2-4503-BF7E-1E6F951BC848}.Release|Any CPU.ActiveCfg = Release|Any CPU
		{7153C901-D7E2-4503-BF7E-1E6F951BC848}.Release|Any CPU.Build.0 = Release|Any CPU
		{7153C901-D7E2-4503-BF7E-1E6F951BC848}.Release|x64.ActiveCfg = Release|Any CPU
		{7153C901-D7E2-4503-BF7E-1E6F951BC848}.Release|x64.Build.0 = Release|Any CPU
		{7153C901-D7E2-4503-BF7E-1E6F951BC848}.Release|x86.ActiveCfg = Release|Any CPU
		{7153C901-D7E2-4503-BF7E-1E6F951BC848}.Release|x86.Build.0 = Release|Any CPU
		{FE632316-D68B-4789-B0A1-02483B1CE840}.Debug|Any CPU.ActiveCfg = Debug|Any CPU
		{FE632316-D68B-4789-B0A1-02483B1CE840}.Debug|Any CPU.Build.0 = Debug|Any CPU
		{FE632316-D68B-4789-B0A1-02483B1CE840}.Debug|x64.ActiveCfg = Debug|Any CPU
		{FE632316-D68B-4789-B0A1-02483B1CE840}.Debug|x64.Build.0 = Debug|Any CPU
		{FE632316-D68B-4789-B0A1-02483B1CE840}.Debug|x86.ActiveCfg = Debug|Any CPU
		{FE632316-D68B-4789-B0A1-02483B1CE840}.Debug|x86.Build.0 = Debug|Any CPU
		{FE632316-D68B-4789-B0A1-02483B1CE840}.Release|Any CPU.ActiveCfg = Release|Any CPU
		{FE632316-D68B-4789-B0A1-02483B1CE840}.Release|Any CPU.Build.0 = Release|Any CPU
		{FE632316-D68B-4789-B0A1-02483B1CE840}.Release|x64.ActiveCfg = Release|Any CPU
		{FE632316-D68B-4789-B0A1-02483B1CE840}.Release|x64.Build.0 = Release|Any CPU
		{FE632316-D68B-4789-B0A1-02483B1CE840}.Release|x86.ActiveCfg = Release|Any CPU
		{FE632316-D68B-4789-B0A1-02483B1CE840}.Release|x86.Build.0 = Release|Any CPU
		{285743ED-7FAC-41E1-949D-3582DB175177}.Debug|Any CPU.ActiveCfg = Debug|Any CPU
		{285743ED-7FAC-41E1-949D-3582DB175177}.Debug|Any CPU.Build.0 = Debug|Any CPU
		{285743ED-7FAC-41E1-949D-3582DB175177}.Debug|x64.ActiveCfg = Debug|Any CPU
		{285743ED-7FAC-41E1-949D-3582DB175177}.Debug|x64.Build.0 = Debug|Any CPU
		{285743ED-7FAC-41E1-949D-3582DB175177}.Debug|x86.ActiveCfg = Debug|Any CPU
		{285743ED-7FAC-41E1-949D-3582DB175177}.Debug|x86.Build.0 = Debug|Any CPU
		{285743ED-7FAC-41E1-949D-3582DB175177}.Release|Any CPU.ActiveCfg = Release|Any CPU
		{285743ED-7FAC-41E1-949D-3582DB175177}.Release|Any CPU.Build.0 = Release|Any CPU
		{285743ED-7FAC-41E1-949D-3582DB175177}.Release|x64.ActiveCfg = Release|Any CPU
		{285743ED-7FAC-41E1-949D-3582DB175177}.Release|x64.Build.0 = Release|Any CPU
		{285743ED-7FAC-41E1-949D-3582DB175177}.Release|x86.ActiveCfg = Release|Any CPU
		{285743ED-7FAC-41E1-949D-3582DB175177}.Release|x86.Build.0 = Release|Any CPU
		{8DAAC138-BE8C-4E2A-BDDC-1D0CB8C56A61}.Debug|Any CPU.ActiveCfg = Debug|Any CPU
		{8DAAC138-BE8C-4E2A-BDDC-1D0CB8C56A61}.Debug|Any CPU.Build.0 = Debug|Any CPU
		{8DAAC138-BE8C-4E2A-BDDC-1D0CB8C56A61}.Debug|x64.ActiveCfg = Debug|Any CPU
		{8DAAC138-BE8C-4E2A-BDDC-1D0CB8C56A61}.Debug|x64.Build.0 = Debug|Any CPU
		{8DAAC138-BE8C-4E2A-BDDC-1D0CB8C56A61}.Debug|x86.ActiveCfg = Debug|Any CPU
		{8DAAC138-BE8C-4E2A-BDDC-1D0CB8C56A61}.Debug|x86.Build.0 = Debug|Any CPU
		{8DAAC138-BE8C-4E2A-BDDC-1D0CB8C56A61}.Release|Any CPU.ActiveCfg = Release|Any CPU
		{8DAAC138-BE8C-4E2A-BDDC-1D0CB8C56A61}.Release|Any CPU.Build.0 = Release|Any CPU
		{8DAAC138-BE8C-4E2A-BDDC-1D0CB8C56A61}.Release|x64.ActiveCfg = Release|Any CPU
		{8DAAC138-BE8C-4E2A-BDDC-1D0CB8C56A61}.Release|x64.Build.0 = Release|Any CPU
		{8DAAC138-BE8C-4E2A-BDDC-1D0CB8C56A61}.Release|x86.ActiveCfg = Release|Any CPU
		{8DAAC138-BE8C-4E2A-BDDC-1D0CB8C56A61}.Release|x86.Build.0 = Release|Any CPU
		{DC58617C-C231-48CA-A124-92D1F98C9E94}.Debug|Any CPU.ActiveCfg = Debug|Any CPU
		{DC58617C-C231-48CA-A124-92D1F98C9E94}.Debug|Any CPU.Build.0 = Debug|Any CPU
		{DC58617C-C231-48CA-A124-92D1F98C9E94}.Debug|x64.ActiveCfg = Debug|Any CPU
		{DC58617C-C231-48CA-A124-92D1F98C9E94}.Debug|x64.Build.0 = Debug|Any CPU
		{DC58617C-C231-48CA-A124-92D1F98C9E94}.Debug|x86.ActiveCfg = Debug|Any CPU
		{DC58617C-C231-48CA-A124-92D1F98C9E94}.Debug|x86.Build.0 = Debug|Any CPU
		{DC58617C-C231-48CA-A124-92D1F98C9E94}.Release|Any CPU.ActiveCfg = Release|Any CPU
		{DC58617C-C231-48CA-A124-92D1F98C9E94}.Release|Any CPU.Build.0 = Release|Any CPU
		{DC58617C-C231-48CA-A124-92D1F98C9E94}.Release|x64.ActiveCfg = Release|Any CPU
		{DC58617C-C231-48CA-A124-92D1F98C9E94}.Release|x64.Build.0 = Release|Any CPU
		{DC58617C-C231-48CA-A124-92D1F98C9E94}.Release|x86.ActiveCfg = Release|Any CPU
		{DC58617C-C231-48CA-A124-92D1F98C9E94}.Release|x86.Build.0 = Release|Any CPU
		{3CCDC0C4-29ED-48ED-859E-379C4AB1DBF5}.Debug|Any CPU.ActiveCfg = Debug|Any CPU
		{3CCDC0C4-29ED-48ED-859E-379C4AB1DBF5}.Debug|Any CPU.Build.0 = Debug|Any CPU
		{3CCDC0C4-29ED-48ED-859E-379C4AB1DBF5}.Debug|x64.ActiveCfg = Debug|Any CPU
		{3CCDC0C4-29ED-48ED-859E-379C4AB1DBF5}.Debug|x64.Build.0 = Debug|Any CPU
		{3CCDC0C4-29ED-48ED-859E-379C4AB1DBF5}.Debug|x86.ActiveCfg = Debug|Any CPU
		{3CCDC0C4-29ED-48ED-859E-379C4AB1DBF5}.Debug|x86.Build.0 = Debug|Any CPU
		{3CCDC0C4-29ED-48ED-859E-379C4AB1DBF5}.Release|Any CPU.ActiveCfg = Release|Any CPU
		{3CCDC0C4-29ED-48ED-859E-379C4AB1DBF5}.Release|Any CPU.Build.0 = Release|Any CPU
		{3CCDC0C4-29ED-48ED-859E-379C4AB1DBF5}.Release|x64.ActiveCfg = Release|Any CPU
		{3CCDC0C4-29ED-48ED-859E-379C4AB1DBF5}.Release|x64.Build.0 = Release|Any CPU
		{3CCDC0C4-29ED-48ED-859E-379C4AB1DBF5}.Release|x86.ActiveCfg = Release|Any CPU
		{3CCDC0C4-29ED-48ED-859E-379C4AB1DBF5}.Release|x86.Build.0 = Release|Any CPU
		{E59D0953-9BFD-4E46-A7B9-02BAC492C5EA}.Debug|Any CPU.ActiveCfg = Debug|Any CPU
		{E59D0953-9BFD-4E46-A7B9-02BAC492C5EA}.Debug|Any CPU.Build.0 = Debug|Any CPU
		{E59D0953-9BFD-4E46-A7B9-02BAC492C5EA}.Debug|x64.ActiveCfg = Debug|Any CPU
		{E59D0953-9BFD-4E46-A7B9-02BAC492C5EA}.Debug|x64.Build.0 = Debug|Any CPU
		{E59D0953-9BFD-4E46-A7B9-02BAC492C5EA}.Debug|x86.ActiveCfg = Debug|Any CPU
		{E59D0953-9BFD-4E46-A7B9-02BAC492C5EA}.Debug|x86.Build.0 = Debug|Any CPU
		{E59D0953-9BFD-4E46-A7B9-02BAC492C5EA}.Release|Any CPU.ActiveCfg = Release|Any CPU
		{E59D0953-9BFD-4E46-A7B9-02BAC492C5EA}.Release|Any CPU.Build.0 = Release|Any CPU
		{E59D0953-9BFD-4E46-A7B9-02BAC492C5EA}.Release|x64.ActiveCfg = Release|Any CPU
		{E59D0953-9BFD-4E46-A7B9-02BAC492C5EA}.Release|x64.Build.0 = Release|Any CPU
		{E59D0953-9BFD-4E46-A7B9-02BAC492C5EA}.Release|x86.ActiveCfg = Release|Any CPU
		{E59D0953-9BFD-4E46-A7B9-02BAC492C5EA}.Release|x86.Build.0 = Release|Any CPU
		{04F72B5F-E9AF-4210-A20B-B932B2F491DA}.Debug|Any CPU.ActiveCfg = Debug|Any CPU
		{04F72B5F-E9AF-4210-A20B-B932B2F491DA}.Debug|Any CPU.Build.0 = Debug|Any CPU
		{04F72B5F-E9AF-4210-A20B-B932B2F491DA}.Debug|x64.ActiveCfg = Debug|Any CPU
		{04F72B5F-E9AF-4210-A20B-B932B2F491DA}.Debug|x64.Build.0 = Debug|Any CPU
		{04F72B5F-E9AF-4210-A20B-B932B2F491DA}.Debug|x86.ActiveCfg = Debug|Any CPU
		{04F72B5F-E9AF-4210-A20B-B932B2F491DA}.Debug|x86.Build.0 = Debug|Any CPU
		{04F72B5F-E9AF-4210-A20B-B932B2F491DA}.Release|Any CPU.ActiveCfg = Release|Any CPU
		{04F72B5F-E9AF-4210-A20B-B932B2F491DA}.Release|Any CPU.Build.0 = Release|Any CPU
		{04F72B5F-E9AF-4210-A20B-B932B2F491DA}.Release|x64.ActiveCfg = Release|Any CPU
		{04F72B5F-E9AF-4210-A20B-B932B2F491DA}.Release|x64.Build.0 = Release|Any CPU
		{04F72B5F-E9AF-4210-A20B-B932B2F491DA}.Release|x86.ActiveCfg = Release|Any CPU
		{04F72B5F-E9AF-4210-A20B-B932B2F491DA}.Release|x86.Build.0 = Release|Any CPU
		{6508EEF1-BCA9-480C-B630-76410D71DADC}.Debug|Any CPU.ActiveCfg = Debug|Any CPU
		{6508EEF1-BCA9-480C-B630-76410D71DADC}.Debug|Any CPU.Build.0 = Debug|Any CPU
		{6508EEF1-BCA9-480C-B630-76410D71DADC}.Debug|x64.ActiveCfg = Debug|Any CPU
		{6508EEF1-BCA9-480C-B630-76410D71DADC}.Debug|x64.Build.0 = Debug|Any CPU
		{6508EEF1-BCA9-480C-B630-76410D71DADC}.Debug|x86.ActiveCfg = Debug|Any CPU
		{6508EEF1-BCA9-480C-B630-76410D71DADC}.Debug|x86.Build.0 = Debug|Any CPU
		{6508EEF1-BCA9-480C-B630-76410D71DADC}.Release|Any CPU.ActiveCfg = Release|Any CPU
		{6508EEF1-BCA9-480C-B630-76410D71DADC}.Release|Any CPU.Build.0 = Release|Any CPU
		{6508EEF1-BCA9-480C-B630-76410D71DADC}.Release|x64.ActiveCfg = Release|Any CPU
		{6508EEF1-BCA9-480C-B630-76410D71DADC}.Release|x64.Build.0 = Release|Any CPU
		{6508EEF1-BCA9-480C-B630-76410D71DADC}.Release|x86.ActiveCfg = Release|Any CPU
		{6508EEF1-BCA9-480C-B630-76410D71DADC}.Release|x86.Build.0 = Release|Any CPU
		{A2F2FC57-B580-43EA-85E9-9B755E1BEA95}.Debug|Any CPU.ActiveCfg = Debug|Any CPU
		{A2F2FC57-B580-43EA-85E9-9B755E1BEA95}.Debug|Any CPU.Build.0 = Debug|Any CPU
		{A2F2FC57-B580-43EA-85E9-9B755E1BEA95}.Debug|x64.ActiveCfg = Debug|Any CPU
		{A2F2FC57-B580-43EA-85E9-9B755E1BEA95}.Debug|x64.Build.0 = Debug|Any CPU
		{A2F2FC57-B580-43EA-85E9-9B755E1BEA95}.Debug|x86.ActiveCfg = Debug|Any CPU
		{A2F2FC57-B580-43EA-85E9-9B755E1BEA95}.Debug|x86.Build.0 = Debug|Any CPU
		{A2F2FC57-B580-43EA-85E9-9B755E1BEA95}.Release|Any CPU.ActiveCfg = Release|Any CPU
		{A2F2FC57-B580-43EA-85E9-9B755E1BEA95}.Release|Any CPU.Build.0 = Release|Any CPU
		{A2F2FC57-B580-43EA-85E9-9B755E1BEA95}.Release|x64.ActiveCfg = Release|Any CPU
		{A2F2FC57-B580-43EA-85E9-9B755E1BEA95}.Release|x64.Build.0 = Release|Any CPU
		{A2F2FC57-B580-43EA-85E9-9B755E1BEA95}.Release|x86.ActiveCfg = Release|Any CPU
		{A2F2FC57-B580-43EA-85E9-9B755E1BEA95}.Release|x86.Build.0 = Release|Any CPU
		{DABA5C9B-B603-4A7D-85FC-372E8DCDC81B}.Debug|Any CPU.ActiveCfg = Debug|Any CPU
		{DABA5C9B-B603-4A7D-85FC-372E8DCDC81B}.Debug|Any CPU.Build.0 = Debug|Any CPU
		{DABA5C9B-B603-4A7D-85FC-372E8DCDC81B}.Debug|x64.ActiveCfg = Debug|Any CPU
		{DABA5C9B-B603-4A7D-85FC-372E8DCDC81B}.Debug|x64.Build.0 = Debug|Any CPU
		{DABA5C9B-B603-4A7D-85FC-372E8DCDC81B}.Debug|x86.ActiveCfg = Debug|Any CPU
		{DABA5C9B-B603-4A7D-85FC-372E8DCDC81B}.Debug|x86.Build.0 = Debug|Any CPU
		{DABA5C9B-B603-4A7D-85FC-372E8DCDC81B}.Release|Any CPU.ActiveCfg = Release|Any CPU
		{DABA5C9B-B603-4A7D-85FC-372E8DCDC81B}.Release|Any CPU.Build.0 = Release|Any CPU
		{DABA5C9B-B603-4A7D-85FC-372E8DCDC81B}.Release|x64.ActiveCfg = Release|Any CPU
		{DABA5C9B-B603-4A7D-85FC-372E8DCDC81B}.Release|x64.Build.0 = Release|Any CPU
		{DABA5C9B-B603-4A7D-85FC-372E8DCDC81B}.Release|x86.ActiveCfg = Release|Any CPU
		{DABA5C9B-B603-4A7D-85FC-372E8DCDC81B}.Release|x86.Build.0 = Release|Any CPU
		{79464BD8-5E20-4EE9-9653-83098160214F}.Debug|Any CPU.ActiveCfg = Debug|Any CPU
		{79464BD8-5E20-4EE9-9653-83098160214F}.Debug|Any CPU.Build.0 = Debug|Any CPU
		{79464BD8-5E20-4EE9-9653-83098160214F}.Debug|x64.ActiveCfg = Debug|Any CPU
		{79464BD8-5E20-4EE9-9653-83098160214F}.Debug|x64.Build.0 = Debug|Any CPU
		{79464BD8-5E20-4EE9-9653-83098160214F}.Debug|x86.ActiveCfg = Debug|Any CPU
		{79464BD8-5E20-4EE9-9653-83098160214F}.Debug|x86.Build.0 = Debug|Any CPU
		{79464BD8-5E20-4EE9-9653-83098160214F}.Release|Any CPU.ActiveCfg = Release|Any CPU
		{79464BD8-5E20-4EE9-9653-83098160214F}.Release|Any CPU.Build.0 = Release|Any CPU
		{79464BD8-5E20-4EE9-9653-83098160214F}.Release|x64.ActiveCfg = Release|Any CPU
		{79464BD8-5E20-4EE9-9653-83098160214F}.Release|x64.Build.0 = Release|Any CPU
		{79464BD8-5E20-4EE9-9653-83098160214F}.Release|x86.ActiveCfg = Release|Any CPU
		{79464BD8-5E20-4EE9-9653-83098160214F}.Release|x86.Build.0 = Release|Any CPU
		{D9D15365-50B3-4A97-901B-A6C0EDEA48C1}.Debug|Any CPU.ActiveCfg = Debug|Any CPU
		{D9D15365-50B3-4A97-901B-A6C0EDEA48C1}.Debug|Any CPU.Build.0 = Debug|Any CPU
		{D9D15365-50B3-4A97-901B-A6C0EDEA48C1}.Debug|x64.ActiveCfg = Debug|Any CPU
		{D9D15365-50B3-4A97-901B-A6C0EDEA48C1}.Debug|x64.Build.0 = Debug|Any CPU
		{D9D15365-50B3-4A97-901B-A6C0EDEA48C1}.Debug|x86.ActiveCfg = Debug|Any CPU
		{D9D15365-50B3-4A97-901B-A6C0EDEA48C1}.Debug|x86.Build.0 = Debug|Any CPU
		{D9D15365-50B3-4A97-901B-A6C0EDEA48C1}.Release|Any CPU.ActiveCfg = Release|Any CPU
		{D9D15365-50B3-4A97-901B-A6C0EDEA48C1}.Release|Any CPU.Build.0 = Release|Any CPU
		{D9D15365-50B3-4A97-901B-A6C0EDEA48C1}.Release|x64.ActiveCfg = Release|Any CPU
		{D9D15365-50B3-4A97-901B-A6C0EDEA48C1}.Release|x64.Build.0 = Release|Any CPU
		{D9D15365-50B3-4A97-901B-A6C0EDEA48C1}.Release|x86.ActiveCfg = Release|Any CPU
		{D9D15365-50B3-4A97-901B-A6C0EDEA48C1}.Release|x86.Build.0 = Release|Any CPU
		{495F1804-8898-4B88-839D-D5702D981FCB}.Debug|Any CPU.ActiveCfg = Debug|Any CPU
		{495F1804-8898-4B88-839D-D5702D981FCB}.Debug|Any CPU.Build.0 = Debug|Any CPU
		{495F1804-8898-4B88-839D-D5702D981FCB}.Debug|x64.ActiveCfg = Debug|Any CPU
		{495F1804-8898-4B88-839D-D5702D981FCB}.Debug|x64.Build.0 = Debug|Any CPU
		{495F1804-8898-4B88-839D-D5702D981FCB}.Debug|x86.ActiveCfg = Debug|Any CPU
		{495F1804-8898-4B88-839D-D5702D981FCB}.Debug|x86.Build.0 = Debug|Any CPU
		{495F1804-8898-4B88-839D-D5702D981FCB}.Release|Any CPU.ActiveCfg = Release|Any CPU
		{495F1804-8898-4B88-839D-D5702D981FCB}.Release|Any CPU.Build.0 = Release|Any CPU
		{495F1804-8898-4B88-839D-D5702D981FCB}.Release|x64.ActiveCfg = Release|Any CPU
		{495F1804-8898-4B88-839D-D5702D981FCB}.Release|x64.Build.0 = Release|Any CPU
		{495F1804-8898-4B88-839D-D5702D981FCB}.Release|x86.ActiveCfg = Release|Any CPU
		{495F1804-8898-4B88-839D-D5702D981FCB}.Release|x86.Build.0 = Release|Any CPU
		{F5BE0510-F7C2-4671-9351-0BAC1BBC3814}.Debug|Any CPU.ActiveCfg = Debug|Any CPU
		{F5BE0510-F7C2-4671-9351-0BAC1BBC3814}.Debug|Any CPU.Build.0 = Debug|Any CPU
		{F5BE0510-F7C2-4671-9351-0BAC1BBC3814}.Debug|x64.ActiveCfg = Debug|Any CPU
		{F5BE0510-F7C2-4671-9351-0BAC1BBC3814}.Debug|x64.Build.0 = Debug|Any CPU
		{F5BE0510-F7C2-4671-9351-0BAC1BBC3814}.Debug|x86.ActiveCfg = Debug|Any CPU
		{F5BE0510-F7C2-4671-9351-0BAC1BBC3814}.Debug|x86.Build.0 = Debug|Any CPU
		{F5BE0510-F7C2-4671-9351-0BAC1BBC3814}.Release|Any CPU.ActiveCfg = Release|Any CPU
		{F5BE0510-F7C2-4671-9351-0BAC1BBC3814}.Release|Any CPU.Build.0 = Release|Any CPU
		{F5BE0510-F7C2-4671-9351-0BAC1BBC3814}.Release|x64.ActiveCfg = Release|Any CPU
		{F5BE0510-F7C2-4671-9351-0BAC1BBC3814}.Release|x64.Build.0 = Release|Any CPU
		{F5BE0510-F7C2-4671-9351-0BAC1BBC3814}.Release|x86.ActiveCfg = Release|Any CPU
		{F5BE0510-F7C2-4671-9351-0BAC1BBC3814}.Release|x86.Build.0 = Release|Any CPU
		{E5637C04-421A-4F7D-9CC8-1F4FBBD3A2AC}.Debug|Any CPU.ActiveCfg = Debug|Any CPU
		{E5637C04-421A-4F7D-9CC8-1F4FBBD3A2AC}.Debug|Any CPU.Build.0 = Debug|Any CPU
		{E5637C04-421A-4F7D-9CC8-1F4FBBD3A2AC}.Debug|x64.ActiveCfg = Debug|Any CPU
		{E5637C04-421A-4F7D-9CC8-1F4FBBD3A2AC}.Debug|x64.Build.0 = Debug|Any CPU
		{E5637C04-421A-4F7D-9CC8-1F4FBBD3A2AC}.Debug|x86.ActiveCfg = Debug|Any CPU
		{E5637C04-421A-4F7D-9CC8-1F4FBBD3A2AC}.Debug|x86.Build.0 = Debug|Any CPU
		{E5637C04-421A-4F7D-9CC8-1F4FBBD3A2AC}.Release|Any CPU.ActiveCfg = Release|Any CPU
		{E5637C04-421A-4F7D-9CC8-1F4FBBD3A2AC}.Release|Any CPU.Build.0 = Release|Any CPU
		{E5637C04-421A-4F7D-9CC8-1F4FBBD3A2AC}.Release|x64.ActiveCfg = Release|Any CPU
		{E5637C04-421A-4F7D-9CC8-1F4FBBD3A2AC}.Release|x64.Build.0 = Release|Any CPU
		{E5637C04-421A-4F7D-9CC8-1F4FBBD3A2AC}.Release|x86.ActiveCfg = Release|Any CPU
		{E5637C04-421A-4F7D-9CC8-1F4FBBD3A2AC}.Release|x86.Build.0 = Release|Any CPU
	EndGlobalSection
	GlobalSection(SolutionProperties) = preSolution
		HideSolutionNode = FALSE
	EndGlobalSection
	GlobalSection(NestedProjects) = preSolution
		{7A6967D2-3343-40FC-9459-2BF8BCACEA09} = {4F52FD11-658E-A102-6CD3-7D7C16FFA15B}
		{11B85E83-4F06-4B7E-90C6-B9B8D962D77E} = {4F52FD11-658E-A102-6CD3-7D7C16FFA15B}
		{1EF5EC8D-B2BD-B510-B59C-9B5FF215D579} = {5854FF58-B8C5-05C6-5BF2-ACE42193F22B}
		{E9B38270-36AC-4E97-BF05-82C4E93C5102} = {1EF5EC8D-B2BD-B510-B59C-9B5FF215D579}
		{84D89B0A-6B2E-4954-B99E-1687243C28CF} = {1EF5EC8D-B2BD-B510-B59C-9B5FF215D579}
		{A68DFA2F-BE4D-4055-BDD8-272B6CE6555C} = {1EF5EC8D-B2BD-B510-B59C-9B5FF215D579}
		{DDC3BE77-ED4F-4CB6-A5D7-E4ACE11C7F0C} = {1EF5EC8D-B2BD-B510-B59C-9B5FF215D579}
		{DE085260-7F8D-46FB-BE68-BC61B0AF4C62} = {0AB3BF05-4346-4AA6-1389-037BE0695223}
		{9B8199F0-E060-4EF3-9196-1258C8F7E7BB} = {0AB3BF05-4346-4AA6-1389-037BE0695223}
		{D56337E9-4C48-F2E8-61F2-6D023AC5E367} = {5854FF58-B8C5-05C6-5BF2-ACE42193F22B}
		{EF6C7754-2A21-491F-BFC1-2FBDCEF6F1F1} = {D56337E9-4C48-F2E8-61F2-6D023AC5E367}
		{1C59E102-BEAE-4BFB-AF39-C11552A16FCD} = {D56337E9-4C48-F2E8-61F2-6D023AC5E367}
		{464F877D-41D4-4823-8A47-05487E7F4039} = {D56337E9-4C48-F2E8-61F2-6D023AC5E367}
		{8AB83DDA-7BEB-4C30-91D4-465B832607DD} = {D56337E9-4C48-F2E8-61F2-6D023AC5E367}
		{2B6F0978-F234-4A3C-979C-21EB412C1294} = {0AB3BF05-4346-4AA6-1389-037BE0695223}
		{1357DDB0-25B1-4B3B-AC54-9F4015975B21} = {0AB3BF05-4346-4AA6-1389-037BE0695223}
		{4AE1AE56-6DB4-2ABD-5FFD-B28371DBD95A} = {5854FF58-B8C5-05C6-5BF2-ACE42193F22B}
		{F778F012-21F2-4ECF-AD8A-2E919F074E7E} = {4AE1AE56-6DB4-2ABD-5FFD-B28371DBD95A}
		{E3226704-2623-40C7-BFDA-EFC1DD7F25FE} = {4AE1AE56-6DB4-2ABD-5FFD-B28371DBD95A}
		{7153C901-D7E2-4503-BF7E-1E6F951BC848} = {4AE1AE56-6DB4-2ABD-5FFD-B28371DBD95A}
		{FE632316-D68B-4789-B0A1-02483B1CE840} = {4AE1AE56-6DB4-2ABD-5FFD-B28371DBD95A}
		{285743ED-7FAC-41E1-949D-3582DB175177} = {0AB3BF05-4346-4AA6-1389-037BE0695223}
		{8DAAC138-BE8C-4E2A-BDDC-1D0CB8C56A61} = {0AB3BF05-4346-4AA6-1389-037BE0695223}
		{06470F13-D646-4954-ED4A-FA216054436A} = {5854FF58-B8C5-05C6-5BF2-ACE42193F22B}
		{DC58617C-C231-48CA-A124-92D1F98C9E94} = {06470F13-D646-4954-ED4A-FA216054436A}
		{3CCDC0C4-29ED-48ED-859E-379C4AB1DBF5} = {06470F13-D646-4954-ED4A-FA216054436A}
		{E59D0953-9BFD-4E46-A7B9-02BAC492C5EA} = {06470F13-D646-4954-ED4A-FA216054436A}
		{04F72B5F-E9AF-4210-A20B-B932B2F491DA} = {06470F13-D646-4954-ED4A-FA216054436A}
		{6508EEF1-BCA9-480C-B630-76410D71DADC} = {0AB3BF05-4346-4AA6-1389-037BE0695223}
		{A2F2FC57-B580-43EA-85E9-9B755E1BEA95} = {0AB3BF05-4346-4AA6-1389-037BE0695223}
		{72F1A1D0-F987-1A70-AF89-6132E4CD9DCD} = {5854FF58-B8C5-05C6-5BF2-ACE42193F22B}
		{DABA5C9B-B603-4A7D-85FC-372E8DCDC81B} = {72F1A1D0-F987-1A70-AF89-6132E4CD9DCD}
		{79464BD8-5E20-4EE9-9653-83098160214F} = {72F1A1D0-F987-1A70-AF89-6132E4CD9DCD}
		{D9D15365-50B3-4A97-901B-A6C0EDEA48C1} = {72F1A1D0-F987-1A70-AF89-6132E4CD9DCD}
		{495F1804-8898-4B88-839D-D5702D981FCB} = {72F1A1D0-F987-1A70-AF89-6132E4CD9DCD}
		{F5BE0510-F7C2-4671-9351-0BAC1BBC3814} = {0AB3BF05-4346-4AA6-1389-037BE0695223}
		{E5637C04-421A-4F7D-9CC8-1F4FBBD3A2AC} = {0AB3BF05-4346-4AA6-1389-037BE0695223}
	EndGlobalSection
EndGlobal
